// !$*UTF8*$!
{
	archiveVersion = 1;
	classes = {
	};
	objectVersion = 77;
	objects = {

/* Begin PBXBuildFile section */
		084CAE992F5600D100A3BB98 /* Sparkle in Frameworks */ = {isa = PBXBuildFile; productRef = 084CAE982F5600D100A3BB98 /* Sparkle */; };
		08A00C062F5560D200BA8C3C /* KeyboardShortcuts in Frameworks */ = {isa = PBXBuildFile; productRef = 0817A98D2F54A8C300AFA5A1 /* KeyboardShortcuts */; };
/* End PBXBuildFile section */

/* Begin PBXContainerItemProxy section */
		0817A9702F54A8C300AFA5A1 /* PBXContainerItemProxy */ = {
			isa = PBXContainerItemProxy;
			containerPortal = 0817A95A2F54A8C200AFA5A1 /* Project object */;
			proxyType = 1;
			remoteGlobalIDString = 0817A9612F54A8C200AFA5A1;
			remoteInfo = ScreenTranslate;
		};
		0817A97A2F54A8C300AFA5A1 /* PBXContainerItemProxy */ = {
			isa = PBXContainerItemProxy;
			containerPortal = 0817A95A2F54A8C200AFA5A1 /* Project object */;
			proxyType = 1;
			remoteGlobalIDString = 0817A9612F54A8C200AFA5A1;
			remoteInfo = ScreenTranslate;
		};
/* End PBXContainerItemProxy section */

/* Begin PBXFileReference section */
		0817A9622F54A8C200AFA5A1 /* ScreenTranslate.app */ = {isa = PBXFileReference; explicitFileType = wrapper.application; includeInIndex = 0; path = ScreenTranslate.app; sourceTree = BUILT_PRODUCTS_DIR; };
		0817A96F2F54A8C300AFA5A1 /* ScreenTranslateTests.xctest */ = {isa = PBXFileReference; explicitFileType = wrapper.cfbundle; includeInIndex = 0; path = ScreenTranslateTests.xctest; sourceTree = BUILT_PRODUCTS_DIR; };
		0817A9792F54A8C300AFA5A1 /* ScreenTranslateUITests.xctest */ = {isa = PBXFileReference; explicitFileType = wrapper.cfbundle; includeInIndex = 0; path = ScreenTranslateUITests.xctest; sourceTree = BUILT_PRODUCTS_DIR; };
/* End PBXFileReference section */

/* Begin PBXFileSystemSynchronizedBuildFileExceptionSet section */
		0817A98E2F54A8C300AFA5A1 /* Exceptions for "ScreenTranslate" folder in "ScreenTranslate" target */ = {
			isa = PBXFileSystemSynchronizedBuildFileExceptionSet;
			membershipExceptions = (
				Info.plist,
			);
			target = 0817A9612F54A8C200AFA5A1 /* ScreenTranslate */;
		};
/* End PBXFileSystemSynchronizedBuildFileExceptionSet section */

/* Begin PBXFileSystemSynchronizedRootGroup section */
		0817A9642F54A8C200AFA5A1 /* ScreenTranslate */ = {
			isa = PBXFileSystemSynchronizedRootGroup;
			exceptions = (
				0817A98E2F54A8C300AFA5A1 /* Exceptions for "ScreenTranslate" folder in "ScreenTranslate" target */,
			);
			path = ScreenTranslate;
			sourceTree = "<group>";
		};
		0817A9722F54A8C300AFA5A1 /* ScreenTranslateTests */ = {
			isa = PBXFileSystemSynchronizedRootGroup;
			path = ScreenTranslateTests;
			sourceTree = "<group>";
		};
		0817A97C2F54A8C300AFA5A1 /* ScreenTranslateUITests */ = {
			isa = PBXFileSystemSynchronizedRootGroup;
			path = ScreenTranslateUITests;
			sourceTree = "<group>";
		};
/* End PBXFileSystemSynchronizedRootGroup section */

/* Begin PBXFrameworksBuildPhase section */
		0817A95F2F54A8C200AFA5A1 /* Frameworks */ = {
			isa = PBXFrameworksBuildPhase;
			buildActionMask = 2147483647;
			files = (
				08A00C062F5560D200BA8C3C /* KeyboardShortcuts in Frameworks */,
				084CAE992F5600D100A3BB98 /* Sparkle in Frameworks */,
			);
			runOnlyForDeploymentPostprocessing = 0;
		};
		0817A96C2F54A8C300AFA5A1 /* Frameworks */ = {
			isa = PBXFrameworksBuildPhase;
			buildActionMask = 2147483647;
			files = (
			);
			runOnlyForDeploymentPostprocessing = 0;
		};
		0817A9762F54A8C300AFA5A1 /* Frameworks */ = {
			isa = PBXFrameworksBuildPhase;
			buildActionMask = 2147483647;
			files = (
			);
			runOnlyForDeploymentPostprocessing = 0;
		};
/* End PBXFrameworksBuildPhase section */

/* Begin PBXGroup section */
		0817A9592F54A8C200AFA5A1 = {
			isa = PBXGroup;
			children = (
				0817A9642F54A8C200AFA5A1 /* ScreenTranslate */,
				0817A9722F54A8C300AFA5A1 /* ScreenTranslateTests */,
				0817A97C2F54A8C300AFA5A1 /* ScreenTranslateUITests */,
				0817A9632F54A8C200AFA5A1 /* Products */,
			);
			sourceTree = "<group>";
		};
		0817A9632F54A8C200AFA5A1 /* Products */ = {
			isa = PBXGroup;
			children = (
				0817A9622F54A8C200AFA5A1 /* ScreenTranslate.app */,
				0817A96F2F54A8C300AFA5A1 /* ScreenTranslateTests.xctest */,
				0817A9792F54A8C300AFA5A1 /* ScreenTranslateUITests.xctest */,
			);
			name = Products;
			sourceTree = "<group>";
		};
/* End PBXGroup section */

/* Begin PBXNativeTarget section */
		0817A9612F54A8C200AFA5A1 /* ScreenTranslate */ = {
			isa = PBXNativeTarget;
			buildConfigurationList = 0817A9832F54A8C300AFA5A1 /* Build configuration list for PBXNativeTarget "ScreenTranslate" */;
			buildPhases = (
				0817A95E2F54A8C200AFA5A1 /* Sources */,
				0817A95F2F54A8C200AFA5A1 /* Frameworks */,
				0817A9602F54A8C200AFA5A1 /* Resources */,
			);
			buildRules = (
			);
			dependencies = (
			);
			fileSystemSynchronizedGroups = (
				0817A9642F54A8C200AFA5A1 /* ScreenTranslate */,
			);
			name = ScreenTranslate;
			packageProductDependencies = (
				0817A98D2F54A8C300AFA5A1 /* KeyboardShortcuts */,
				084CAE982F5600D100A3BB98 /* Sparkle */,
			);
			productName = ScreenTranslate;
			productReference = 0817A9622F54A8C200AFA5A1 /* ScreenTranslate.app */;
			productType = "com.apple.product-type.application";
		};
		0817A96E2F54A8C300AFA5A1 /* ScreenTranslateTests */ = {
			isa = PBXNativeTarget;
			buildConfigurationList = 0817A9862F54A8C300AFA5A1 /* Build configuration list for PBXNativeTarget "ScreenTranslateTests" */;
			buildPhases = (
				0817A96B2F54A8C300AFA5A1 /* Sources */,
				0817A96C2F54A8C300AFA5A1 /* Frameworks */,
				0817A96D2F54A8C300AFA5A1 /* Resources */,
			);
			buildRules = (
			);
			dependencies = (
				0817A9712F54A8C300AFA5A1 /* PBXTargetDependency */,
			);
			fileSystemSynchronizedGroups = (
				0817A9722F54A8C300AFA5A1 /* ScreenTranslateTests */,
			);
			name = ScreenTranslateTests;
			packageProductDependencies = (
			);
			productName = ScreenTranslateTests;
			productReference = 0817A96F2F54A8C300AFA5A1 /* ScreenTranslateTests.xctest */;
			productType = "com.apple.product-type.bundle.unit-test";
		};
		0817A9782F54A8C300AFA5A1 /* ScreenTranslateUITests */ = {
			isa = PBXNativeTarget;
			buildConfigurationList = 0817A9892F54A8C300AFA5A1 /* Build configuration list for PBXNativeTarget "ScreenTranslateUITests" */;
			buildPhases = (
				0817A9752F54A8C300AFA5A1 /* Sources */,
				0817A9762F54A8C300AFA5A1 /* Frameworks */,
				0817A9772F54A8C300AFA5A1 /* Resources */,
			);
			buildRules = (
			);
			dependencies = (
				0817A97B2F54A8C300AFA5A1 /* PBXTargetDependency */,
			);
			fileSystemSynchronizedGroups = (
				0817A97C2F54A8C300AFA5A1 /* ScreenTranslateUITests */,
			);
			name = ScreenTranslateUITests;
			packageProductDependencies = (
			);
			productName = ScreenTranslateUITests;
			productReference = 0817A9792F54A8C300AFA5A1 /* ScreenTranslateUITests.xctest */;
			productType = "com.apple.product-type.bundle.ui-testing";
		};
/* End PBXNativeTarget section */

/* Begin PBXProject section */
		0817A95A2F54A8C200AFA5A1 /* Project object */ = {
			isa = PBXProject;
			attributes = {
				BuildIndependentTargetsInParallel = 1;
				LastSwiftUpdateCheck = 2620;
				LastUpgradeCheck = 2620;
				TargetAttributes = {
					0817A9612F54A8C200AFA5A1 = {
						CreatedOnToolsVersion = 26.2;
					};
					0817A96E2F54A8C300AFA5A1 = {
						CreatedOnToolsVersion = 26.2;
						TestTargetID = 0817A9612F54A8C200AFA5A1;
					};
					0817A9782F54A8C300AFA5A1 = {
						CreatedOnToolsVersion = 26.2;
						TestTargetID = 0817A9612F54A8C200AFA5A1;
					};
				};
			};
			buildConfigurationList = 0817A95D2F54A8C200AFA5A1 /* Build configuration list for PBXProject "ScreenTranslate" */;
			developmentRegion = en;
			hasScannedForEncodings = 0;
			knownRegions = (
				en,
				Base,
			);
			mainGroup = 0817A9592F54A8C200AFA5A1;
			minimizedProjectReferenceProxies = 1;
			packageReferences = (
				0817A98C2F54A8C300AFA5A1 /* XCRemoteSwiftPackageReference "KeyboardShortcuts" */,
				084CAE972F5600D100A3BB98 /* XCRemoteSwiftPackageReference "Sparkle" */,
			);
			preferredProjectObjectVersion = 77;
			productRefGroup = 0817A9632F54A8C200AFA5A1 /* Products */;
			projectDirPath = "";
			projectRoot = "";
			targets = (
				0817A9612F54A8C200AFA5A1 /* ScreenTranslate */,
				0817A96E2F54A8C300AFA5A1 /* ScreenTranslateTests */,
				0817A9782F54A8C300AFA5A1 /* ScreenTranslateUITests */,
			);
		};
/* End PBXProject section */

/* Begin PBXResourcesBuildPhase section */
		0817A9602F54A8C200AFA5A1 /* Resources */ = {
			isa = PBXResourcesBuildPhase;
			buildActionMask = 2147483647;
			files = (
			);
			runOnlyForDeploymentPostprocessing = 0;
		};
		0817A96D2F54A8C300AFA5A1 /* Resources */ = {
			isa = PBXResourcesBuildPhase;
			buildActionMask = 2147483647;
			files = (
			);
			runOnlyForDeploymentPostprocessing = 0;
		};
		0817A9772F54A8C300AFA5A1 /* Resources */ = {
			isa = PBXResourcesBuildPhase;
			buildActionMask = 2147483647;
			files = (
			);
			runOnlyForDeploymentPostprocessing = 0;
		};
/* End PBXResourcesBuildPhase section */

/* Begin PBXSourcesBuildPhase section */
		0817A95E2F54A8C200AFA5A1 /* Sources */ = {
			isa = PBXSourcesBuildPhase;
			buildActionMask = 2147483647;
			files = (
			);
			runOnlyForDeploymentPostprocessing = 0;
		};
		0817A96B2F54A8C300AFA5A1 /* Sources */ = {
			isa = PBXSourcesBuildPhase;
			buildActionMask = 2147483647;
			files = (
			);
			runOnlyForDeploymentPostprocessing = 0;
		};
		0817A9752F54A8C300AFA5A1 /* Sources */ = {
			isa = PBXSourcesBuildPhase;
			buildActionMask = 2147483647;
			files = (
			);
			runOnlyForDeploymentPostprocessing = 0;
		};
/* End PBXSourcesBuildPhase section */

/* Begin PBXTargetDependency section */
		0817A9712F54A8C300AFA5A1 /* PBXTargetDependency */ = {
			isa = PBXTargetDependency;
			target = 0817A9612F54A8C200AFA5A1 /* ScreenTranslate */;
			targetProxy = 0817A9702F54A8C300AFA5A1 /* PBXContainerItemProxy */;
		};
		0817A97B2F54A8C300AFA5A1 /* PBXTargetDependency */ = {
			isa = PBXTargetDependency;
			target = 0817A9612F54A8C200AFA5A1 /* ScreenTranslate */;
			targetProxy = 0817A97A2F54A8C300AFA5A1 /* PBXContainerItemProxy */;
		};
/* End PBXTargetDependency section */

/* Begin XCBuildConfiguration section */
		0817A9812F54A8C300AFA5A1 /* Debug */ = {
			isa = XCBuildConfiguration;
			buildSettings = {
				ALWAYS_SEARCH_USER_PATHS = NO;
				ASSETCATALOG_COMPILER_GENERATE_SWIFT_ASSET_SYMBOL_EXTENSIONS = YES;
				CLANG_ANALYZER_NONNULL = YES;
				CLANG_ANALYZER_NUMBER_OBJECT_CONVERSION = YES_AGGRESSIVE;
				CLANG_CXX_LANGUAGE_STANDARD = "gnu++20";
				CLANG_ENABLE_MODULES = YES;
				CLANG_ENABLE_OBJC_ARC = YES;
				CLANG_ENABLE_OBJC_WEAK = YES;
				CLANG_WARN_BLOCK_CAPTURE_AUTORELEASING = YES;
				CLANG_WARN_BOOL_CONVERSION = YES;
				CLANG_WARN_COMMA = YES;
				CLANG_WARN_CONSTANT_CONVERSION = YES;
				CLANG_WARN_DEPRECATED_OBJC_IMPLEMENTATIONS = YES;
				CLANG_WARN_DIRECT_OBJC_ISA_USAGE = YES_ERROR;
				CLANG_WARN_DOCUMENTATION_COMMENTS = YES;
				CLANG_WARN_EMPTY_BODY = YES;
				CLANG_WARN_ENUM_CONVERSION = YES;
				CLANG_WARN_INFINITE_RECURSION = YES;
				CLANG_WARN_INT_CONVERSION = YES;
				CLANG_WARN_NON_LITERAL_NULL_CONVERSION = YES;
				CLANG_WARN_OBJC_IMPLICIT_RETAIN_SELF = YES;
				CLANG_WARN_OBJC_LITERAL_CONVERSION = YES;
				CLANG_WARN_OBJC_ROOT_CLASS = YES_ERROR;
				CLANG_WARN_QUOTED_INCLUDE_IN_FRAMEWORK_HEADER = YES;
				CLANG_WARN_RANGE_LOOP_ANALYSIS = YES;
				CLANG_WARN_STRICT_PROTOTYPES = YES;
				CLANG_WARN_SUSPICIOUS_MOVE = YES;
				CLANG_WARN_UNGUARDED_AVAILABILITY = YES_AGGRESSIVE;
				CLANG_WARN_UNREACHABLE_CODE = YES;
				CLANG_WARN__DUPLICATE_METHOD_MATCH = YES;
				COPY_PHASE_STRIP = NO;
				DEBUG_INFORMATION_FORMAT = dwarf;
				DEVELOPMENT_TEAM = 2UFFR3J3LQ;
				ENABLE_STRICT_OBJC_MSGSEND = YES;
				ENABLE_TESTABILITY = YES;
				ENABLE_USER_SCRIPT_SANDBOXING = YES;
				GCC_C_LANGUAGE_STANDARD = gnu17;
				GCC_DYNAMIC_NO_PIC = NO;
				GCC_NO_COMMON_BLOCKS = YES;
				GCC_OPTIMIZATION_LEVEL = 0;
				GCC_PREPROCESSOR_DEFINITIONS = (
					"DEBUG=1",
					"$(inherited)",
				);
				GCC_WARN_64_TO_32_BIT_CONVERSION = YES;
				GCC_WARN_ABOUT_RETURN_TYPE = YES_ERROR;
				GCC_WARN_UNDECLARED_SELECTOR = YES;
				GCC_WARN_UNINITIALIZED_AUTOS = YES_AGGRESSIVE;
				GCC_WARN_UNUSED_FUNCTION = YES;
				GCC_WARN_UNUSED_VARIABLE = YES;
				LOCALIZATION_PREFERS_STRING_CATALOGS = YES;
				MACOSX_DEPLOYMENT_TARGET = 15.0;
				MTL_ENABLE_DEBUG_INFO = INCLUDE_SOURCE;
				MTL_FAST_MATH = YES;
				ONLY_ACTIVE_ARCH = YES;
				SDKROOT = macosx;
				SWIFT_ACTIVE_COMPILATION_CONDITIONS = "DEBUG $(inherited)";
				SWIFT_OPTIMIZATION_LEVEL = "-Onone";
			};
			name = Debug;
		};
		0817A9822F54A8C300AFA5A1 /* Release */ = {
			isa = XCBuildConfiguration;
			buildSettings = {
				ALWAYS_SEARCH_USER_PATHS = NO;
				ASSETCATALOG_COMPILER_GENERATE_SWIFT_ASSET_SYMBOL_EXTENSIONS = YES;
				CLANG_ANALYZER_NONNULL = YES;
				CLANG_ANALYZER_NUMBER_OBJECT_CONVERSION = YES_AGGRESSIVE;
				CLANG_CXX_LANGUAGE_STANDARD = "gnu++20";
				CLANG_ENABLE_MODULES = YES;
				CLANG_ENABLE_OBJC_ARC = YES;
				CLANG_ENABLE_OBJC_WEAK = YES;
				CLANG_WARN_BLOCK_CAPTURE_AUTORELEASING = YES;
				CLANG_WARN_BOOL_CONVERSION = YES;
				CLANG_WARN_COMMA = YES;
				CLANG_WARN_CONSTANT_CONVERSION = YES;
				CLANG_WARN_DEPRECATED_OBJC_IMPLEMENTATIONS = YES;
				CLANG_WARN_DIRECT_OBJC_ISA_USAGE = YES_ERROR;
				CLANG_WARN_DOCUMENTATION_COMMENTS = YES;
				CLANG_WARN_EMPTY_BODY = YES;
				CLANG_WARN_ENUM_CONVERSION = YES;
				CLANG_WARN_INFINITE_RECURSION = YES;
				CLANG_WARN_INT_CONVERSION = YES;
				CLANG_WARN_NON_LITERAL_NULL_CONVERSION = YES;
				CLANG_WARN_OBJC_IMPLICIT_RETAIN_SELF = YES;
				CLANG_WARN_OBJC_LITERAL_CONVERSION = YES;
				CLANG_WARN_OBJC_ROOT_CLASS = YES_ERROR;
				CLANG_WARN_QUOTED_INCLUDE_IN_FRAMEWORK_HEADER = YES;
				CLANG_WARN_RANGE_LOOP_ANALYSIS = YES;
				CLANG_WARN_STRICT_PROTOTYPES = YES;
				CLANG_WARN_SUSPICIOUS_MOVE = YES;
				CLANG_WARN_UNGUARDED_AVAILABILITY = YES_AGGRESSIVE;
				CLANG_WARN_UNREACHABLE_CODE = YES;
				CLANG_WARN__DUPLICATE_METHOD_MATCH = YES;
				COPY_PHASE_STRIP = NO;
				DEBUG_INFORMATION_FORMAT = "dwarf-with-dsym";
				DEVELOPMENT_TEAM = 2UFFR3J3LQ;
				ENABLE_NS_ASSERTIONS = NO;
				ENABLE_STRICT_OBJC_MSGSEND = YES;
				ENABLE_USER_SCRIPT_SANDBOXING = YES;
				GCC_C_LANGUAGE_STANDARD = gnu17;
				GCC_NO_COMMON_BLOCKS = YES;
				GCC_WARN_64_TO_32_BIT_CONVERSION = YES;
				GCC_WARN_ABOUT_RETURN_TYPE = YES_ERROR;
				GCC_WARN_UNDECLARED_SELECTOR = YES;
				GCC_WARN_UNINITIALIZED_AUTOS = YES_AGGRESSIVE;
				GCC_WARN_UNUSED_FUNCTION = YES;
				GCC_WARN_UNUSED_VARIABLE = YES;
				LOCALIZATION_PREFERS_STRING_CATALOGS = YES;
				MACOSX_DEPLOYMENT_TARGET = 15.0;
				MTL_ENABLE_DEBUG_INFO = NO;
				MTL_FAST_MATH = YES;
				SDKROOT = macosx;
				SWIFT_COMPILATION_MODE = wholemodule;
			};
			name = Release;
		};
		0817A9842F54A8C300AFA5A1 /* Debug */ = {
			isa = XCBuildConfiguration;
			buildSettings = {
				ASSETCATALOG_COMPILER_APPICON_NAME = AppIcon;
				ASSETCATALOG_COMPILER_GLOBAL_ACCENT_COLOR_NAME = AccentColor;
				CODE_SIGN_ENTITLEMENTS = ScreenTranslate/ScreenTranslate.entitlements;
				CODE_SIGN_STYLE = Automatic;
				COMBINE_HIDPI_IMAGES = YES;
				CURRENT_PROJECT_VERSION = 1;
				DEVELOPMENT_TEAM = 2UFFR3J3LQ;
				ENABLE_APP_SANDBOX = NO;
				ENABLE_HARDENED_RUNTIME = YES;
				ENABLE_PREVIEWS = YES;
				ENABLE_USER_SELECTED_FILES = readonly;
				GENERATE_INFOPLIST_FILE = YES;
				INFOPLIST_FILE = ScreenTranslate/Info.plist;
				INFOPLIST_KEY_NSHumanReadableCopyright = "";
				LD_RUNPATH_SEARCH_PATHS = (
					"$(inherited)",
					"@executable_path/../Frameworks",
				);
				MARKETING_VERSION = 0.0.1;
				PRODUCT_BUNDLE_IDENTIFIER = com.changmin.ScreenTranslate;
				PRODUCT_NAME = "$(TARGET_NAME)";
				REGISTER_APP_GROUPS = YES;
				STRING_CATALOG_GENERATE_SYMBOLS = YES;
				SWIFT_APPROACHABLE_CONCURRENCY = YES;
				SWIFT_DEFAULT_ACTOR_ISOLATION = MainActor;
				SWIFT_EMIT_LOC_STRINGS = YES;
				SWIFT_UPCOMING_FEATURE_MEMBER_IMPORT_VISIBILITY = YES;
				SWIFT_VERSION = 5.0;
			};
			name = Debug;
		};
		0817A9852F54A8C300AFA5A1 /* Release */ = {
			isa = XCBuildConfiguration;
			buildSettings = {
				ASSETCATALOG_COMPILER_APPICON_NAME = AppIcon;
				ASSETCATALOG_COMPILER_GLOBAL_ACCENT_COLOR_NAME = AccentColor;
				CODE_SIGN_ENTITLEMENTS = ScreenTranslate/ScreenTranslate.entitlements;
				CODE_SIGN_STYLE = Automatic;
				COMBINE_HIDPI_IMAGES = YES;
				CURRENT_PROJECT_VERSION = 1;
				DEVELOPMENT_TEAM = 2UFFR3J3LQ;
				ENABLE_APP_SANDBOX = NO;
				ENABLE_HARDENED_RUNTIME = YES;
				ENABLE_PREVIEWS = YES;
				ENABLE_USER_SELECTED_FILES = readonly;
				GENERATE_INFOPLIST_FILE = YES;
				INFOPLIST_FILE = ScreenTranslate/Info.plist;
				INFOPLIST_KEY_NSHumanReadableCopyright = "";
				LD_RUNPATH_SEARCH_PATHS = (
					"$(inherited)",
					"@executable_path/../Frameworks",
				);
				MARKETING_VERSION = 0.0.1;
				PRODUCT_BUNDLE_IDENTIFIER = com.changmin.ScreenTranslate;
				PRODUCT_NAME = "$(TARGET_NAME)";
				REGISTER_APP_GROUPS = YES;
				STRING_CATALOG_GENERATE_SYMBOLS = YES;
				SWIFT_APPROACHABLE_CONCURRENCY = YES;
				SWIFT_DEFAULT_ACTOR_ISOLATION = MainActor;
				SWIFT_EMIT_LOC_STRINGS = YES;
				SWIFT_UPCOMING_FEATURE_MEMBER_IMPORT_VISIBILITY = YES;
				SWIFT_VERSION = 5.0;
			};
			name = Release;
		};
		0817A9872F54A8C300AFA5A1 /* Debug */ = {
			isa = XCBuildConfiguration;
			buildSettings = {
				BUNDLE_LOADER = "$(TEST_HOST)";
				CODE_SIGN_STYLE = Automatic;
				CURRENT_PROJECT_VERSION = 1;
				DEVELOPMENT_TEAM = 2UFFR3J3LQ;
				GENERATE_INFOPLIST_FILE = YES;
				MACOSX_DEPLOYMENT_TARGET = 15.0;
				MARKETING_VERSION = 0.0.1;
				PRODUCT_BUNDLE_IDENTIFIER = com.changmin.ScreenTranslateTests;
				PRODUCT_NAME = "$(TARGET_NAME)";
				STRING_CATALOG_GENERATE_SYMBOLS = NO;
				SWIFT_APPROACHABLE_CONCURRENCY = YES;
				SWIFT_EMIT_LOC_STRINGS = NO;
				SWIFT_UPCOMING_FEATURE_MEMBER_IMPORT_VISIBILITY = YES;
				SWIFT_VERSION = 5.0;
				TEST_HOST = "$(BUILT_PRODUCTS_DIR)/ScreenTranslate.app/$(BUNDLE_EXECUTABLE_FOLDER_PATH)/ScreenTranslate";
			};
			name = Debug;
		};
		0817A9882F54A8C300AFA5A1 /* Release */ = {
			isa = XCBuildConfiguration;
			buildSettings = {
				BUNDLE_LOADER = "$(TEST_HOST)";
				CODE_SIGN_STYLE = Automatic;
				CURRENT_PROJECT_VERSION = 1;
				DEVELOPMENT_TEAM = 2UFFR3J3LQ;
				GENERATE_INFOPLIST_FILE = YES;
				MACOSX_DEPLOYMENT_TARGET = 15.0;
				MARKETING_VERSION = 0.0.1;
				PRODUCT_BUNDLE_IDENTIFIER = com.changmin.ScreenTranslateTests;
				PRODUCT_NAME = "$(TARGET_NAME)";
				STRING_CATALOG_GENERATE_SYMBOLS = NO;
				SWIFT_APPROACHABLE_CONCURRENCY = YES;
				SWIFT_EMIT_LOC_STRINGS = NO;
				SWIFT_UPCOMING_FEATURE_MEMBER_IMPORT_VISIBILITY = YES;
				SWIFT_VERSION = 5.0;
				TEST_HOST = "$(BUILT_PRODUCTS_DIR)/ScreenTranslate.app/$(BUNDLE_EXECUTABLE_FOLDER_PATH)/ScreenTranslate";
			};
			name = Release;
		};
		0817A98A2F54A8C300AFA5A1 /* Debug */ = {
			isa = XCBuildConfiguration;
			buildSettings = {
				CODE_SIGN_STYLE = Automatic;
				CURRENT_PROJECT_VERSION = 1;
				DEVELOPMENT_TEAM = 2UFFR3J3LQ;
				GENERATE_INFOPLIST_FILE = YES;
				MARKETING_VERSION = 0.0.1;
				PRODUCT_BUNDLE_IDENTIFIER = com.changmin.ScreenTranslateUITests;
				PRODUCT_NAME = "$(TARGET_NAME)";
				STRING_CATALOG_GENERATE_SYMBOLS = NO;
				SWIFT_APPROACHABLE_CONCURRENCY = YES;
				SWIFT_EMIT_LOC_STRINGS = NO;
				SWIFT_UPCOMING_FEATURE_MEMBER_IMPORT_VISIBILITY = YES;
				SWIFT_VERSION = 5.0;
				TEST_TARGET_NAME = ScreenTranslate;
			};
			name = Debug;
		};
		0817A98B2F54A8C300AFA5A1 /* Release */ = {
			isa = XCBuildConfiguration;
			buildSettings = {
				CODE_SIGN_STYLE = Automatic;
				CURRENT_PROJECT_VERSION = 1;
				DEVELOPMENT_TEAM = 2UFFR3J3LQ;
				GENERATE_INFOPLIST_FILE = YES;
				MARKETING_VERSION = 0.0.1;
				PRODUCT_BUNDLE_IDENTIFIER = com.changmin.ScreenTranslateUITests;
				PRODUCT_NAME = "$(TARGET_NAME)";
				STRING_CATALOG_GENERATE_SYMBOLS = NO;
				SWIFT_APPROACHABLE_CONCURRENCY = YES;
				SWIFT_EMIT_LOC_STRINGS = NO;
				SWIFT_UPCOMING_FEATURE_MEMBER_IMPORT_VISIBILITY = YES;
				SWIFT_VERSION = 5.0;
				TEST_TARGET_NAME = ScreenTranslate;
			};
			name = Release;
		};
/* End XCBuildConfiguration section */

/* Begin XCConfigurationList section */
		0817A95D2F54A8C200AFA5A1 /* Build configuration list for PBXProject "ScreenTranslate" */ = {
			isa = XCConfigurationList;
			buildConfigurations = (
				0817A9812F54A8C300AFA5A1 /* Debug */,
				0817A9822F54A8C300AFA5A1 /* Release */,
			);
			defaultConfigurationIsVisible = 0;
			defaultConfigurationName = Release;
		};
		0817A9832F54A8C300AFA5A1 /* Build configuration list for PBXNativeTarget "ScreenTranslate" */ = {
			isa = XCConfigurationList;
			buildConfigurations = (
				0817A9842F54A8C300AFA5A1 /* Debug */,
				0817A9852F54A8C300AFA5A1 /* Release */,
			);
			defaultConfigurationIsVisible = 0;
			defaultConfigurationName = Release;
		};
		0817A9862F54A8C300AFA5A1 /* Build configuration list for PBXNativeTarget "ScreenTranslateTests" */ = {
			isa = XCConfigurationList;
			buildConfigurations = (
				0817A9872F54A8C300AFA5A1 /* Debug */,
				0817A9882F54A8C300AFA5A1 /* Release */,
			);
			defaultConfigurationIsVisible = 0;
			defaultConfigurationName = Release;
		};
		0817A9892F54A8C300AFA5A1 /* Build configuration list for PBXNativeTarget "ScreenTranslateUITests" */ = {
			isa = XCConfigurationList;
			buildConfigurations = (
				0817A98A2F54A8C300AFA5A1 /* Debug */,
				0817A98B2F54A8C300AFA5A1 /* Release */,
			);
			defaultConfigurationIsVisible = 0;
			defaultConfigurationName = Release;
		};
/* End XCConfigurationList section */

/* Begin XCRemoteSwiftPackageReference section */
		0817A98C2F54A8C300AFA5A1 /* XCRemoteSwiftPackageReference "KeyboardShortcuts" */ = {
			isa = XCRemoteSwiftPackageReference;
			repositoryURL = "https://github.com/sindresorhus/KeyboardShortcuts";
			requirement = {
				kind = upToNextMajorVersion;
				minimumVersion = 2.0.0;
			};
		};
		084CAE972F5600D100A3BB98 /* XCRemoteSwiftPackageReference "Sparkle" */ = {
			isa = XCRemoteSwiftPackageReference;
			repositoryURL = "https://github.com/sparkle-project/Sparkle";
			requirement = {
				kind = upToNextMajorVersion;
				minimumVersion = 2.9.0;
			};
		};
/* End XCRemoteSwiftPackageReference section */

/* Begin XCSwiftPackageProductDependency section */
		0817A98D2F54A8C300AFA5A1 /* KeyboardShortcuts */ = {
			isa = XCSwiftPackageProductDependency;
			package = 0817A98C2F54A8C300AFA5A1 /* XCRemoteSwiftPackageReference "KeyboardShortcuts" */;
			productName = KeyboardShortcuts;
		};
		084CAE982F5600D100A3BB98 /* Sparkle */ = {
			isa = XCSwiftPackageProductDependency;
			package = 084CAE972F5600D100A3BB98 /* XCRemoteSwiftPackageReference "Sparkle" */;
			productName = Sparkle;
		};
/* End XCSwiftPackageProductDependency section */
	};
	rootObject = 0817A95A2F54A8C200AFA5A1 /* Project object */;
}
